
Microsoft Visual Studio Solution File, Format Version 12.00
# Visual Studio Version 17
VisualStudioVersion = 17.0.32112.339
MinimumVisualStudioVersion = 10.0.40219.1
Project("{FAE04EC0-301F-11D3-BF4B-00C04F79EFBC}") = "GatoyRaton", "GatoyRaton.csproj", "{6AA1F81A-F6C3-4872-B790-E1720C198BCF}"
EndProject
Global
	GlobalSection(SolutionConfigurationPlatforms) = preSolution
		Debug|Any CPU = Debug|Any CPU
		Release|Any CPU = Release|Any CPU
	EndGlobalSection
	GlobalSection(ProjectConfigurationPlatforms) = postSolution
		{6AA1F81A-F6C3-4872-B790-E1720C198BCF}.Debug|Any CPU.ActiveCfg = Debug|Any CPU
		{6AA1F81A-F6C3-4872-B790-E1720C198BCF}.Debug|Any CPU.Build.0 = Debug|Any CPU
		{6AA1F81A-F6C3-4872-B790-E1720C198BCF}.Release|Any CPU.ActiveCfg = Release|Any CPU
		{6AA1F81A-F6C3-4872-B790-E1720C198BCF}.Release|Any CPU.Build.0 = Release|Any CPU
	EndGlobalSection
	GlobalSection(SolutionProperties) = preSolution
		HideSolutionNode = FALSE
	EndGlobalSection
	GlobalSection(ExtensibilityGlobals) = postSolution
		SolutionGuid = {173A4E6B-2DB0-4C10-8824-795D124C71A5}
	EndGlobalSection
EndGlobal
